
Microsoft Visual Studio Solution File, Format Version 12.00
# Visual Studio 15
VisualStudioVersion = 15.0.28307.329
MinimumVisualStudioVersion = 10.0.40219.1
Project("{FAE04EC0-301F-11D3-BF4B-00C04F79EFBC}") = "DocumentGo", "DocumentGo\DocumentGo.csproj", "{3B0F31D0-221A-44C5-9060-B8B24D92380F}"
EndProject
Global
	GlobalSection(SolutionConfigurationPlatforms) = preSolution
		Debug|Any CPU = Debug|Any CPU
		Release|Any CPU = Release|Any CPU
	EndGlobalSection
	GlobalSection(ProjectConfigurationPlatforms) = postSolution
		{3B0F31D0-221A-44C5-9060-B8B24D92380F}.Debug|Any CPU.ActiveCfg = Debug|Any CPU
		{3B0F31D0-221A-44C5-9060-B8B24D92380F}.Debug|Any CPU.Build.0 = Debug|Any CPU
		{3B0F31D0-221A-44C5-9060-B8B24D92380F}.Release|Any CPU.ActiveCfg = Release|Any CPU
		{3B0F31D0-221A-44C5-9060-B8B24D92380F}.Release|Any CPU.Build.0 = Release|Any CPU
	EndGlobalSection
	GlobalSection(SolutionProperties) = preSolution
		HideSolutionNode = FALSE
	EndGlobalSection
	GlobalSection(ExtensibilityGlobals) = postSolution
		SolutionGuid = {3F948524-CD79-4BF5-9231-572C60FAA2CD}
	EndGlobalSection
EndGlobal
